// !$*UTF8*$!
{
	archiveVersion = 1;
	classes = {
	};
	objectVersion = 52;
	objects = {

/* Begin PBXBuildFile section */
		DB4758DC24BAC86A00FD666B /* SwiftUIGithubClientApp.swift in Sources */ = {isa = PBXBuildFile; fileRef = DB4758DB24BAC86A00FD666B /* SwiftUIGithubClientApp.swift */; };
		DB4758E024BAC86B00FD666B /* Assets.xcassets in Resources */ = {isa = PBXBuildFile; fileRef = DB4758DF24BAC86B00FD666B /* Assets.xcassets */; };
		DB4758E324BAC86B00FD666B /* Preview Assets.xcassets in Resources */ = {isa = PBXBuildFile; fileRef = DB4758E224BAC86B00FD666B /* Preview Assets.xcassets */; };
		DB4758EE24BAC86B00FD666B /* SwiftUIGithubClientTests.swift in Sources */ = {isa = PBXBuildFile; fileRef = DB4758ED24BAC86B00FD666B /* SwiftUIGithubClientTests.swift */; };
		DB4758F924BAC86B00FD666B /* SwiftUIGithubClientUITests.swift in Sources */ = {isa = PBXBuildFile; fileRef = DB4758F824BAC86B00FD666B /* SwiftUIGithubClientUITests.swift */; };
		DB47590824BAD8FA00FD666B /* Alamofire in Frameworks */ = {isa = PBXBuildFile; productRef = DB47590724BAD8FA00FD666B /* Alamofire */; };
		DB47590A24BAD99000FD666B /* BaseAPIProtocol.swift in Sources */ = {isa = PBXBuildFile; fileRef = DB47590924BAD99000FD666B /* BaseAPIProtocol.swift */; };
		DB47590E24BADC6200FD666B /* NetworkPublisher.swift in Sources */ = {isa = PBXBuildFile; fileRef = DB47590D24BADC6200FD666B /* NetworkPublisher.swift */; };
		DB47591024BAE4A400FD666B /* NetworkConstants.swift in Sources */ = {isa = PBXBuildFile; fileRef = DB47590F24BAE4A400FD666B /* NetworkConstants.swift */; };
		DB47591424BAE50900FD666B /* UserRequest.swift in Sources */ = {isa = PBXBuildFile; fileRef = DB47591324BAE50900FD666B /* UserRequest.swift */; };
		DB47591624BAE5B700FD666B /* UserResponse.swift in Sources */ = {isa = PBXBuildFile; fileRef = DB47591524BAE5B700FD666B /* UserResponse.swift */; };
		DB47591A24BAE6CE00FD666B /* SearchUserViewModel.swift in Sources */ = {isa = PBXBuildFile; fileRef = DB47591924BAE6CE00FD666B /* SearchUserViewModel.swift */; };
		DB95DD1124BC4FE7004CC943 /* UserDetailView.swift in Sources */ = {isa = PBXBuildFile; fileRef = DB95DD1024BC4FE7004CC943 /* UserDetailView.swift */; };
		DBE734CF24BC0E730056E014 /* ImageDownloder.swift in Sources */ = {isa = PBXBuildFile; fileRef = DBE734CE24BC0E730056E014 /* ImageDownloder.swift */; };
		DBE734D124BC13250056E014 /* UsersListView.swift in Sources */ = {isa = PBXBuildFile; fileRef = DBE734D024BC13250056E014 /* UsersListView.swift */; };
		DBE734D324BC13630056E014 /* UserListCell.swift in Sources */ = {isa = PBXBuildFile; fileRef = DBE734D224BC13630056E014 /* UserListCell.swift */; };
/* End PBXBuildFile section */

/* Begin PBXContainerItemProxy section */
		DB4758EA24BAC86B00FD666B /* PBXContainerItemProxy */ = {
			isa = PBXContainerItemProxy;
			containerPortal = DB4758D024BAC86A00FD666B /* Project object */;
			proxyType = 1;
			remoteGlobalIDString = DB4758D724BAC86A00FD666B;
			remoteInfo = SwiftUIGithubClient;
		};
		DB4758F524BAC86B00FD666B /* PBXContainerItemProxy */ = {
			isa = PBXContainerItemProxy;
			containerPortal = DB4758D024BAC86A00FD666B /* Project object */;
			proxyType = 1;
			remoteGlobalIDString = DB4758D724BAC86A00FD666B;
			remoteInfo = SwiftUIGithubClient;
		};
/* End PBXContainerItemProxy section */

/* Begin PBXFileReference section */
		DB4758D824BAC86A00FD666B /* SwiftUIGithubClient.app */ = {isa = PBXFileReference; explicitFileType = wrapper.application; includeInIndex = 0; path = SwiftUIGithubClient.app; sourceTree = BUILT_PRODUCTS_DIR; };
		DB4758DB24BAC86A00FD666B /* SwiftUIGithubClientApp.swift */ = {isa = PBXFileReference; lastKnownFileType = sourcecode.swift; path = SwiftUIGithubClientApp.swift; sourceTree = "<group>"; };
		DB4758DF24BAC86B00FD666B /* Assets.xcassets */ = {isa = PBXFileReference; lastKnownFileType = folder.assetcatalog; path = Assets.xcassets; sourceTree = "<group>"; };
		DB4758E224BAC86B00FD666B /* Preview Assets.xcassets */ = {isa = PBXFileReference; lastKnownFileType = folder.assetcatalog; path = "Preview Assets.xcassets"; sourceTree = "<group>"; };
		DB4758E424BAC86B00FD666B /* Info.plist */ = {isa = PBXFileReference; lastKnownFileType = text.plist.xml; path = Info.plist; sourceTree = "<group>"; };
		DB4758E924BAC86B00FD666B /* SwiftUIGithubClientTests.xctest */ = {isa = PBXFileReference; explicitFileType = wrapper.cfbundle; includeInIndex = 0; path = SwiftUIGithubClientTests.xctest; sourceTree = BUILT_PRODUCTS_DIR; };
		DB4758ED24BAC86B00FD666B /* SwiftUIGithubClientTests.swift */ = {isa = PBXFileReference; lastKnownFileType = sourcecode.swift; path = SwiftUIGithubClientTests.swift; sourceTree = "<group>"; };
		DB4758EF24BAC86B00FD666B /* Info.plist */ = {isa = PBXFileReference; lastKnownFileType = text.plist.xml; path = Info.plist; sourceTree = "<group>"; };
		DB4758F424BAC86B00FD666B /* SwiftUIGithubClientUITests.xctest */ = {isa = PBXFileReference; explicitFileType = wrapper.cfbundle; includeInIndex = 0; path = SwiftUIGithubClientUITests.xctest; sourceTree = BUILT_PRODUCTS_DIR; };
		DB4758F824BAC86B00FD666B /* SwiftUIGithubClientUITests.swift */ = {isa = PBXFileReference; lastKnownFileType = sourcecode.swift; path = SwiftUIGithubClientUITests.swift; sourceTree = "<group>"; };
		DB4758FA24BAC86B00FD666B /* Info.plist */ = {isa = PBXFileReference; lastKnownFileType = text.plist.xml; path = Info.plist; sourceTree = "<group>"; };
		DB47590924BAD99000FD666B /* BaseAPIProtocol.swift */ = {isa = PBXFileReference; lastKnownFileType = sourcecode.swift; path = "\U0010BaseAPIProtocol.swift"; sourceTree = "<group>"; };
		DB47590D24BADC6200FD666B /* NetworkPublisher.swift */ = {isa = PBXFileReference; lastKnownFileType = sourcecode.swift; path = NetworkPublisher.swift; sourceTree = "<group>"; };
		DB47590F24BAE4A400FD666B /* NetworkConstants.swift */ = {isa = PBXFileReference; lastKnownFileType = sourcecode.swift; path = NetworkConstants.swift; sourceTree = "<group>"; };
		DB47591324BAE50900FD666B /* UserRequest.swift */ = {isa = PBXFileReference; lastKnownFileType = sourcecode.swift; path = UserRequest.swift; sourceTree = "<group>"; };
		DB47591524BAE5B700FD666B /* UserResponse.swift */ = {isa = PBXFileReference; lastKnownFileType = sourcecode.swift; path = UserResponse.swift; sourceTree = "<group>"; };
		DB47591924BAE6CE00FD666B /* SearchUserViewModel.swift */ = {isa = PBXFileReference; lastKnownFileType = sourcecode.swift; path = SearchUserViewModel.swift; sourceTree = "<group>"; };
		DB95DD1024BC4FE7004CC943 /* UserDetailView.swift */ = {isa = PBXFileReference; lastKnownFileType = sourcecode.swift; path = UserDetailView.swift; sourceTree = "<group>"; };
		DBE734CE24BC0E730056E014 /* ImageDownloder.swift */ = {isa = PBXFileReference; lastKnownFileType = sourcecode.swift; path = ImageDownloder.swift; sourceTree = "<group>"; };
		DBE734D024BC13250056E014 /* UsersListView.swift */ = {isa = PBXFileReference; lastKnownFileType = sourcecode.swift; path = UsersListView.swift; sourceTree = "<group>"; };
		DBE734D224BC13630056E014 /* UserListCell.swift */ = {isa = PBXFileReference; lastKnownFileType = sourcecode.swift; path = UserListCell.swift; sourceTree = "<group>"; };
/* End PBXFileReference section */

/* Begin PBXFrameworksBuildPhase section */
		DB4758D524BAC86A00FD666B /* Frameworks */ = {
			isa = PBXFrameworksBuildPhase;
			buildActionMask = 2147483647;
			files = (
				DB47590824BAD8FA00FD666B /* Alamofire in Frameworks */,
			);
			runOnlyForDeploymentPostprocessing = 0;
		};
		DB4758E624BAC86B00FD666B /* Frameworks */ = {
			isa = PBXFrameworksBuildPhase;
			buildActionMask = 2147483647;
			files = (
			);
			runOnlyForDeploymentPostprocessing = 0;
		};
		DB4758F124BAC86B00FD666B /* Frameworks */ = {
			isa = PBXFrameworksBuildPhase;
			buildActionMask = 2147483647;
			files = (
			);
			runOnlyForDeploymentPostprocessing = 0;
		};
/* End PBXFrameworksBuildPhase section */

/* Begin PBXGroup section */
		DB4758CF24BAC86A00FD666B = {
			isa = PBXGroup;
			children = (
				DB4758DA24BAC86A00FD666B /* SwiftUIGithubClient */,
				DB4758EC24BAC86B00FD666B /* SwiftUIGithubClientTests */,
				DB4758F724BAC86B00FD666B /* SwiftUIGithubClientUITests */,
				DB4758D924BAC86A00FD666B /* Products */,
			);
			sourceTree = "<group>";
		};
		DB4758D924BAC86A00FD666B /* Products */ = {
			isa = PBXGroup;
			children = (
				DB4758D824BAC86A00FD666B /* SwiftUIGithubClient.app */,
				DB4758E924BAC86B00FD666B /* SwiftUIGithubClientTests.xctest */,
				DB4758F424BAC86B00FD666B /* SwiftUIGithubClientUITests.xctest */,
			);
			name = Products;
			sourceTree = "<group>";
		};
		DB4758DA24BAC86A00FD666B /* SwiftUIGithubClient */ = {
			isa = PBXGroup;
			children = (
				DB47590C24BADC4600FD666B /* View */,
				DB47590B24BADC3900FD666B /* Network */,
				DB4758DB24BAC86A00FD666B /* SwiftUIGithubClientApp.swift */,
				DB47591924BAE6CE00FD666B /* SearchUserViewModel.swift */,
				DB4758DF24BAC86B00FD666B /* Assets.xcassets */,
				DB4758E424BAC86B00FD666B /* Info.plist */,
				DB4758E124BAC86B00FD666B /* Preview Content */,
				DBE734CE24BC0E730056E014 /* ImageDownloder.swift */,
			);
			path = SwiftUIGithubClient;
			sourceTree = "<group>";
		};
		DB4758E124BAC86B00FD666B /* Preview Content */ = {
			isa = PBXGroup;
			children = (
				DB4758E224BAC86B00FD666B /* Preview Assets.xcassets */,
			);
			path = "Preview Content";
			sourceTree = "<group>";
		};
		DB4758EC24BAC86B00FD666B /* SwiftUIGithubClientTests */ = {
			isa = PBXGroup;
			children = (
				DB4758ED24BAC86B00FD666B /* SwiftUIGithubClientTests.swift */,
				DB4758EF24BAC86B00FD666B /* Info.plist */,
			);
			path = SwiftUIGithubClientTests;
			sourceTree = "<group>";
		};
		DB4758F724BAC86B00FD666B /* SwiftUIGithubClientUITests */ = {
			isa = PBXGroup;
			children = (
				DB4758F824BAC86B00FD666B /* SwiftUIGithubClientUITests.swift */,
				DB4758FA24BAC86B00FD666B /* Info.plist */,
			);
			path = SwiftUIGithubClientUITests;
			sourceTree = "<group>";
		};
		DB47590B24BADC3900FD666B /* Network */ = {
			isa = PBXGroup;
			children = (
				DB47590924BAD99000FD666B /* BaseAPIProtocol.swift */,
				DB47590D24BADC6200FD666B /* NetworkPublisher.swift */,
				DB47590F24BAE4A400FD666B /* NetworkConstants.swift */,
				DB47591324BAE50900FD666B /* UserRequest.swift */,
				DB47591524BAE5B700FD666B /* UserResponse.swift */,
			);
			path = Network;
			sourceTree = "<group>";
		};
		DB47590C24BADC4600FD666B /* View */ = {
			isa = PBXGroup;
			children = (
				DBE734D024BC13250056E014 /* UsersListView.swift */,
				DBE734D224BC13630056E014 /* UserListCell.swift */,
				DB95DD1024BC4FE7004CC943 /* UserDetailView.swift */,
			);
			path = View;
			sourceTree = "<group>";
		};
/* End PBXGroup section */

/* Begin PBXNativeTarget section */
		DB4758D724BAC86A00FD666B /* SwiftUIGithubClient */ = {
			isa = PBXNativeTarget;
			buildConfigurationList = DB4758FD24BAC86B00FD666B /* Build configuration list for PBXNativeTarget "SwiftUIGithubClient" */;
			buildPhases = (
				DB4758D424BAC86A00FD666B /* Sources */,
				DB4758D524BAC86A00FD666B /* Frameworks */,
				DB4758D624BAC86A00FD666B /* Resources */,
			);
			buildRules = (
			);
			dependencies = (
			);
			name = SwiftUIGithubClient;
			packageProductDependencies = (
				DB47590724BAD8FA00FD666B /* Alamofire */,
			);
			productName = SwiftUIGithubClient;
			productReference = DB4758D824BAC86A00FD666B /* SwiftUIGithubClient.app */;
			productType = "com.apple.product-type.application";
		};
		DB4758E824BAC86B00FD666B /* SwiftUIGithubClientTests */ = {
			isa = PBXNativeTarget;
			buildConfigurationList = DB47590024BAC86B00FD666B /* Build configuration list for PBXNativeTarget "SwiftUIGithubClientTests" */;
			buildPhases = (
				DB4758E524BAC86B00FD666B /* Sources */,
				DB4758E624BAC86B00FD666B /* Frameworks */,
				DB4758E724BAC86B00FD666B /* Resources */,
			);
			buildRules = (
			);
			dependencies = (
				DB4758EB24BAC86B00FD666B /* PBXTargetDependency */,
			);
			name = SwiftUIGithubClientTests;
			productName = SwiftUIGithubClientTests;
			productReference = DB4758E924BAC86B00FD666B /* SwiftUIGithubClientTests.xctest */;
			productType = "com.apple.product-type.bundle.unit-test";
		};
		DB4758F324BAC86B00FD666B /* SwiftUIGithubClientUITests */ = {
			isa = PBXNativeTarget;
			buildConfigurationList = DB47590324BAC86B00FD666B /* Build configuration list for PBXNativeTarget "SwiftUIGithubClientUITests" */;
			buildPhases = (
				DB4758F024BAC86B00FD666B /* Sources */,
				DB4758F124BAC86B00FD666B /* Frameworks */,
				DB4758F224BAC86B00FD666B /* Resources */,
			);
			buildRules = (
			);
			dependencies = (
				DB4758F624BAC86B00FD666B /* PBXTargetDependency */,
			);
			name = SwiftUIGithubClientUITests;
			productName = SwiftUIGithubClientUITests;
			productReference = DB4758F424BAC86B00FD666B /* SwiftUIGithubClientUITests.xctest */;
			productType = "com.apple.product-type.bundle.ui-testing";
		};
/* End PBXNativeTarget section */

/* Begin PBXProject section */
		DB4758D024BAC86A00FD666B /* Project object */ = {
			isa = PBXProject;
			attributes = {
				LastSwiftUpdateCheck = 1200;
				LastUpgradeCheck = 1200;
				TargetAttributes = {
					DB4758D724BAC86A00FD666B = {
						CreatedOnToolsVersion = 12.0;
					};
					DB4758E824BAC86B00FD666B = {
						CreatedOnToolsVersion = 12.0;
						TestTargetID = DB4758D724BAC86A00FD666B;
					};
					DB4758F324BAC86B00FD666B = {
						CreatedOnToolsVersion = 12.0;
						TestTargetID = DB4758D724BAC86A00FD666B;
					};
				};
			};
			buildConfigurationList = DB4758D324BAC86A00FD666B /* Build configuration list for PBXProject "SwiftUIGithubClient" */;
			compatibilityVersion = "Xcode 9.3";
			developmentRegion = en;
			hasScannedForEncodings = 0;
			knownRegions = (
				en,
				Base,
			);
			mainGroup = DB4758CF24BAC86A00FD666B;
			packageReferences = (
				DB47590624BAD8FA00FD666B /* XCRemoteSwiftPackageReference "Alamofire" */,
			);
			productRefGroup = DB4758D924BAC86A00FD666B /* Products */;
			projectDirPath = "";
			projectRoot = "";
			targets = (
				DB4758D724BAC86A00FD666B /* SwiftUIGithubClient */,
				DB4758E824BAC86B00FD666B /* SwiftUIGithubClientTests */,
				DB4758F324BAC86B00FD666B /* SwiftUIGithubClientUITests */,
			);
		};
/* End PBXProject section */

/* Begin PBXResourcesBuildPhase section */
		DB4758D624BAC86A00FD666B /* Resources */ = {
			isa = PBXResourcesBuildPhase;
			buildActionMask = 2147483647;
			files = (
				DB4758E324BAC86B00FD666B /* Preview Assets.xcassets in Resources */,
				DB4758E024BAC86B00FD666B /* Assets.xcassets in Resources */,
			);
			runOnlyForDeploymentPostprocessing = 0;
		};
		DB4758E724BAC86B00FD666B /* Resources */ = {
			isa = PBXResourcesBuildPhase;
			buildActionMask = 2147483647;
			files = (
			);
			runOnlyForDeploymentPostprocessing = 0;
		};
		DB4758F224BAC86B00FD666B /* Resources */ = {
			isa = PBXResourcesBuildPhase;
			buildActionMask = 2147483647;
			files = (
			);
			runOnlyForDeploymentPostprocessing = 0;
		};
/* End PBXResourcesBuildPhase section */

/* Begin PBXSourcesBuildPhase section */
		DB4758D424BAC86A00FD666B /* Sources */ = {
			isa = PBXSourcesBuildPhase;
			buildActionMask = 2147483647;
			files = (
				DBE734CF24BC0E730056E014 /* ImageDownloder.swift in Sources */,
				DB47590E24BADC6200FD666B /* NetworkPublisher.swift in Sources */,
				DB47591424BAE50900FD666B /* UserRequest.swift in Sources */,
				DB47591024BAE4A400FD666B /* NetworkConstants.swift in Sources */,
				DB47591624BAE5B700FD666B /* UserResponse.swift in Sources */,
				DB47591A24BAE6CE00FD666B /* SearchUserViewModel.swift in Sources */,
				DBE734D324BC13630056E014 /* UserListCell.swift in Sources */,
				DB4758DC24BAC86A00FD666B /* SwiftUIGithubClientApp.swift in Sources */,
				DB47590A24BAD99000FD666B /* BaseAPIProtocol.swift in Sources */,
				DBE734D124BC13250056E014 /* UsersListView.swift in Sources */,
				DB95DD1124BC4FE7004CC943 /* UserDetailView.swift in Sources */,
			);
			runOnlyForDeploymentPostprocessing = 0;
		};
		DB4758E524BAC86B00FD666B /* Sources */ = {
			isa = PBXSourcesBuildPhase;
			buildActionMask = 2147483647;
			files = (
				DB4758EE24BAC86B00FD666B /* SwiftUIGithubClientTests.swift in Sources */,
			);
			runOnlyForDeploymentPostprocessing = 0;
		};
		DB4758F024BAC86B00FD666B /* Sources */ = {
			isa = PBXSourcesBuildPhase;
			buildActionMask = 2147483647;
			files = (
				DB4758F924BAC86B00FD666B /* SwiftUIGithubClientUITests.swift in Sources */,
			);
			runOnlyForDeploymentPostprocessing = 0;
		};
/* End PBXSourcesBuildPhase section */

/* Begin PBXTargetDependency section */
		DB4758EB24BAC86B00FD666B /* PBXTargetDependency */ = {
			isa = PBXTargetDependency;
			target = DB4758D724BAC86A00FD666B /* SwiftUIGithubClient */;
			targetProxy = DB4758EA24BAC86B00FD666B /* PBXContainerItemProxy */;
		};
		DB4758F624BAC86B00FD666B /* PBXTargetDependency */ = {
			isa = PBXTargetDependency;
			target = DB4758D724BAC86A00FD666B /* SwiftUIGithubClient */;
			targetProxy = DB4758F524BAC86B00FD666B /* PBXContainerItemProxy */;
		};
/* End PBXTargetDependency section */

/* Begin XCBuildConfiguration section */
		DB4758FB24BAC86B00FD666B /* Debug */ = {
			isa = XCBuildConfiguration;
			buildSettings = {
				ALWAYS_SEARCH_USER_PATHS = NO;
				CLANG_ANALYZER_NONNULL = YES;
				CLANG_ANALYZER_NUMBER_OBJECT_CONVERSION = YES_AGGRESSIVE;
				CLANG_CXX_LANGUAGE_STANDARD = "gnu++14";
				CLANG_CXX_LIBRARY = "libc++";
				CLANG_ENABLE_MODULES = YES;
				CLANG_ENABLE_OBJC_ARC = YES;
				CLANG_ENABLE_OBJC_WEAK = YES;
				CLANG_WARN_BLOCK_CAPTURE_AUTORELEASING = YES;
				CLANG_WARN_BOOL_CONVERSION = YES;
				CLANG_WARN_COMMA = YES;
				CLANG_WARN_CONSTANT_CONVERSION = YES;
				CLANG_WARN_DEPRECATED_OBJC_IMPLEMENTATIONS = YES;
				CLANG_WARN_DIRECT_OBJC_ISA_USAGE = YES_ERROR;
				CLANG_WARN_DOCUMENTATION_COMMENTS = YES;
				CLANG_WARN_EMPTY_BODY = YES;
				CLANG_WARN_ENUM_CONVERSION = YES;
				CLANG_WARN_INFINITE_RECURSION = YES;
				CLANG_WARN_INT_CONVERSION = YES;
				CLANG_WARN_NON_LITERAL_NULL_CONVERSION = YES;
				CLANG_WARN_OBJC_IMPLICIT_RETAIN_SELF = YES;
				CLANG_WARN_OBJC_LITERAL_CONVERSION = YES;
				CLANG_WARN_OBJC_ROOT_CLASS = YES_ERROR;
				CLANG_WARN_QUOTED_INCLUDE_IN_FRAMEWORK_HEADER = YES;
				CLANG_WARN_RANGE_LOOP_ANALYSIS = YES;
				CLANG_WARN_STRICT_PROTOTYPES = YES;
				CLANG_WARN_SUSPICIOUS_MOVE = YES;
				CLANG_WARN_UNGUARDED_AVAILABILITY = YES_AGGRESSIVE;
				CLANG_WARN_UNREACHABLE_CODE = YES;
				CLANG_WARN__DUPLICATE_METHOD_MATCH = YES;
				COPY_PHASE_STRIP = NO;
				DEBUG_INFORMATION_FORMAT = dwarf;
				ENABLE_STRICT_OBJC_MSGSEND = YES;
				ENABLE_TESTABILITY = YES;
				GCC_C_LANGUAGE_STANDARD = gnu11;
				GCC_DYNAMIC_NO_PIC = NO;
				GCC_NO_COMMON_BLOCKS = YES;
				GCC_OPTIMIZATION_LEVEL = 0;
				GCC_PREPROCESSOR_DEFINITIONS = (
					"DEBUG=1",
					"$(inherited)",
				);
				GCC_WARN_64_TO_32_BIT_CONVERSION = YES;
				GCC_WARN_ABOUT_RETURN_TYPE = YES_ERROR;
				GCC_WARN_UNDECLARED_SELECTOR = YES;
				GCC_WARN_UNINITIALIZED_AUTOS = YES_AGGRESSIVE;
				GCC_WARN_UNUSED_FUNCTION = YES;
				GCC_WARN_UNUSED_VARIABLE = YES;
				IPHONEOS_DEPLOYMENT_TARGET = 14.0;
				MTL_ENABLE_DEBUG_INFO = INCLUDE_SOURCE;
				MTL_FAST_MATH = YES;
				ONLY_ACTIVE_ARCH = YES;
				SDKROOT = iphoneos;
				SWIFT_ACTIVE_COMPILATION_CONDITIONS = DEBUG;
				SWIFT_OPTIMIZATION_LEVEL = "-Onone";
			};
			name = Debug;
		};
		DB4758FC24BAC86B00FD666B /* Release */ = {
			isa = XCBuildConfiguration;
			buildSettings = {
				ALWAYS_SEARCH_USER_PATHS = NO;
				CLANG_ANALYZER_NONNULL = YES;
				CLANG_ANALYZER_NUMBER_OBJECT_CONVERSION = YES_AGGRESSIVE;
				CLANG_CXX_LANGUAGE_STANDARD = "gnu++14";
				CLANG_CXX_LIBRARY = "libc++";
				CLANG_ENABLE_MODULES = YES;
				CLANG_ENABLE_OBJC_ARC = YES;
				CLANG_ENABLE_OBJC_WEAK = YES;
				CLANG_WARN_BLOCK_CAPTURE_AUTORELEASING = YES;
				CLANG_WARN_BOOL_CONVERSION = YES;
				CLANG_WARN_COMMA = YES;
				CLANG_WARN_CONSTANT_CONVERSION = YES;
				CLANG_WARN_DEPRECATED_OBJC_IMPLEMENTATIONS = YES;
				CLANG_WARN_DIRECT_OBJC_ISA_USAGE = YES_ERROR;
				CLANG_WARN_DOCUMENTATION_COMMENTS = YES;
				CLANG_WARN_EMPTY_BODY = YES;
				CLANG_WARN_ENUM_CONVERSION = YES;
				CLANG_WARN_INFINITE_RECURSION = YES;
				CLANG_WARN_INT_CONVERSION = YES;
				CLANG_WARN_NON_LITERAL_NULL_CONVERSION = YES;
				CLANG_WARN_OBJC_IMPLICIT_RETAIN_SELF = YES;
				CLANG_WARN_OBJC_LITERAL_CONVERSION = YES;
				CLANG_WARN_OBJC_ROOT_CLASS = YES_ERROR;
				CLANG_WARN_QUOTED_INCLUDE_IN_FRAMEWORK_HEADER = YES;
				CLANG_WARN_RANGE_LOOP_ANALYSIS = YES;
				CLANG_WARN_STRICT_PROTOTYPES = YES;
				CLANG_WARN_SUSPICIOUS_MOVE = YES;
				CLANG_WARN_UNGUARDED_AVAILABILITY = YES_AGGRESSIVE;
				CLANG_WARN_UNREACHABLE_CODE = YES;
				CLANG_WARN__DUPLICATE_METHOD_MATCH = YES;
				COPY_PHASE_STRIP = NO;
				DEBUG_INFORMATION_FORMAT = "dwarf-with-dsym";
				ENABLE_NS_ASSERTIONS = NO;
				ENABLE_STRICT_OBJC_MSGSEND = YES;
				GCC_C_LANGUAGE_STANDARD = gnu11;
				GCC_NO_COMMON_BLOCKS = YES;
				GCC_WARN_64_TO_32_BIT_CONVERSION = YES;
				GCC_WARN_ABOUT_RETURN_TYPE = YES_ERROR;
				GCC_WARN_UNDECLARED_SELECTOR = YES;
				GCC_WARN_UNINITIALIZED_AUTOS = YES_AGGRESSIVE;
				GCC_WARN_UNUSED_FUNCTION = YES;
				GCC_WARN_UNUSED_VARIABLE = YES;
				IPHONEOS_DEPLOYMENT_TARGET = 14.0;
				MTL_ENABLE_DEBUG_INFO = NO;
				MTL_FAST_MATH = YES;
				SDKROOT = iphoneos;
				SWIFT_COMPILATION_MODE = wholemodule;
				SWIFT_OPTIMIZATION_LEVEL = "-O";
				VALIDATE_PRODUCT = YES;
			};
			name = Release;
		};
		DB4758FE24BAC86B00FD666B /* Debug */ = {
			isa = XCBuildConfiguration;
			buildSettings = {
				ASSETCATALOG_COMPILER_APPICON_NAME = AppIcon;
				ASSETCATALOG_COMPILER_GLOBAL_ACCENT_COLOR_NAME = AccentColor;
				CODE_SIGN_STYLE = Automatic;
				DEVELOPMENT_ASSET_PATHS = "\"SwiftUIGithubClient/Preview Content\"";
				DEVELOPMENT_TEAM = J5WW4LM3TV;
				ENABLE_PREVIEWS = YES;
				INFOPLIST_FILE = SwiftUIGithubClient/Info.plist;
				IPHONEOS_DEPLOYMENT_TARGET = 14.0;
				LD_RUNPATH_SEARCH_PATHS = (
					"$(inherited)",
					"@executable_path/Frameworks",
				);
				PRODUCT_BUNDLE_IDENTIFIER = com.takaoh717.SwiftUIGithubClient;
				PRODUCT_NAME = "$(TARGET_NAME)";
				SWIFT_VERSION = 5.0;
				TARGETED_DEVICE_FAMILY = "1,2";
			};
			name = Debug;
		};
		DB4758FF24BAC86B00FD666B /* Release */ = {
			isa = XCBuildConfiguration;
			buildSettings = {
				ASSETCATALOG_COMPILER_APPICON_NAME = AppIcon;
				ASSETCATALOG_COMPILER_GLOBAL_ACCENT_COLOR_NAME = AccentColor;
				CODE_SIGN_STYLE = Automatic;
				DEVELOPMENT_ASSET_PATHS = "\"SwiftUIGithubClient/Preview Content\"";
				DEVELOPMENT_TEAM = J5WW4LM3TV;
				ENABLE_PREVIEWS = YES;
				INFOPLIST_FILE = SwiftUIGithubClient/Info.plist;
				IPHONEOS_DEPLOYMENT_TARGET = 14.0;
				LD_RUNPATH_SEARCH_PATHS = (
					"$(inherited)",
					"@executable_path/Frameworks",
				);
				PRODUCT_BUNDLE_IDENTIFIER = com.takaoh717.SwiftUIGithubClient;
				PRODUCT_NAME = "$(TARGET_NAME)";
				SWIFT_VERSION = 5.0;
				TARGETED_DEVICE_FAMILY = "1,2";
			};
			name = Release;
		};
		DB47590124BAC86B00FD666B /* Debug */ = {
			isa = XCBuildConfiguration;
			buildSettings = {
				ALWAYS_EMBED_SWIFT_STANDARD_LIBRARIES = YES;
				BUNDLE_LOADER = "$(TEST_HOST)";
				CODE_SIGN_STYLE = Automatic;
				DEVELOPMENT_TEAM = J5WW4LM3TV;
				INFOPLIST_FILE = SwiftUIGithubClientTests/Info.plist;
				IPHONEOS_DEPLOYMENT_TARGET = 14.0;
				LD_RUNPATH_SEARCH_PATHS = (
					"$(inherited)",
					"@executable_path/Frameworks",
					"@loader_path/Frameworks",
				);
				PRODUCT_BUNDLE_IDENTIFIER = com.takaoh717.SwiftUIGithubClientTests;
				PRODUCT_NAME = "$(TARGET_NAME)";
				SWIFT_VERSION = 5.0;
				TARGETED_DEVICE_FAMILY = "1,2";
				TEST_HOST = "$(BUILT_PRODUCTS_DIR)/SwiftUIGithubClient.app/SwiftUIGithubClient";
			};
			name = Debug;
		};
		DB47590224BAC86B00FD666B /* Release */ = {
			isa = XCBuildConfiguration;
			buildSettings = {
				ALWAYS_EMBED_SWIFT_STANDARD_LIBRARIES = YES;
				BUNDLE_LOADER = "$(TEST_HOST)";
				CODE_SIGN_STYLE = Automatic;
				DEVELOPMENT_TEAM = J5WW4LM3TV;
				INFOPLIST_FILE = SwiftUIGithubClientTests/Info.plist;
				IPHONEOS_DEPLOYMENT_TARGET = 14.0;
				LD_RUNPATH_SEARCH_PATHS = (
					"$(inherited)",
					"@executable_path/Frameworks",
					"@loader_path/Frameworks",
				);
				PRODUCT_BUNDLE_IDENTIFIER = com.takaoh717.SwiftUIGithubClientTests;
				PRODUCT_NAME = "$(TARGET_NAME)";
				SWIFT_VERSION = 5.0;
				TARGETED_DEVICE_FAMILY = "1,2";
				TEST_HOST = "$(BUILT_PRODUCTS_DIR)/SwiftUIGithubClient.app/SwiftUIGithubClient";
			};
			name = Release;
		};
		DB47590424BAC86B00FD666B /* Debug */ = {
			isa = XCBuildConfiguration;
			buildSettings = {
				ALWAYS_EMBED_SWIFT_STANDARD_LIBRARIES = YES;
				CODE_SIGN_STYLE = Automatic;
				DEVELOPMENT_TEAM = J5WW4LM3TV;
				INFOPLIST_FILE = SwiftUIGithubClientUITests/Info.plist;
				LD_RUNPATH_SEARCH_PATHS = (
					"$(inherited)",
					"@executable_path/Frameworks",
					"@loader_path/Frameworks",
				);
				PRODUCT_BUNDLE_IDENTIFIER = com.takaoh717.SwiftUIGithubClientUITests;
				PRODUCT_NAME = "$(TARGET_NAME)";
				SWIFT_VERSION = 5.0;
				TARGETED_DEVICE_FAMILY = "1,2";
				TEST_TARGET_NAME = SwiftUIGithubClient;
			};
			name = Debug;
		};
		DB47590524BAC86B00FD666B /* Release */ = {
			isa = XCBuildConfiguration;
			buildSettings = {
				ALWAYS_EMBED_SWIFT_STANDARD_LIBRARIES = YES;
				CODE_SIGN_STYLE = Automatic;
				DEVELOPMENT_TEAM = J5WW4LM3TV;
				INFOPLIST_FILE = SwiftUIGithubClientUITests/Info.plist;
				LD_RUNPATH_SEARCH_PATHS = (
					"$(inherited)",
					"@executable_path/Frameworks",
					"@loader_path/Frameworks",
				);
				PRODUCT_BUNDLE_IDENTIFIER = com.takaoh717.SwiftUIGithubClientUITests;
				PRODUCT_NAME = "$(TARGET_NAME)";
				SWIFT_VERSION = 5.0;
				TARGETED_DEVICE_FAMILY = "1,2";
				TEST_TARGET_NAME = SwiftUIGithubClient;
			};
			name = Release;
		};
/* End XCBuildConfiguration section */

/* Begin XCConfigurationList section */
		DB4758D324BAC86A00FD666B /* Build configuration list for PBXProject "SwiftUIGithubClient" */ = {
			isa = XCConfigurationList;
			buildConfigurations = (
				DB4758FB24BAC86B00FD666B /* Debug */,
				DB4758FC24BAC86B00FD666B /* Release */,
			);
			defaultConfigurationIsVisible = 0;
			defaultConfigurationName = Release;
		};
		DB4758FD24BAC86B00FD666B /* Build configuration list for PBXNativeTarget "SwiftUIGithubClient" */ = {
			isa = XCConfigurationList;
			buildConfigurations = (
				DB4758FE24BAC86B00FD666B /* Debug */,
				DB4758FF24BAC86B00FD666B /* Release */,
			);
			defaultConfigurationIsVisible = 0;
			defaultConfigurationName = Release;
		};
		DB47590024BAC86B00FD666B /* Build configuration list for PBXNativeTarget "SwiftUIGithubClientTests" */ = {
			isa = XCConfigurationList;
			buildConfigurations = (
				DB47590124BAC86B00FD666B /* Debug */,
				DB47590224BAC86B00FD666B /* Release */,
			);
			defaultConfigurationIsVisible = 0;
			defaultConfigurationName = Release;
		};
		DB47590324BAC86B00FD666B /* Build configuration list for PBXNativeTarget "SwiftUIGithubClientUITests" */ = {
			isa = XCConfigurationList;
			buildConfigurations = (
				DB47590424BAC86B00FD666B /* Debug */,
				DB47590524BAC86B00FD666B /* Release */,
			);
			defaultConfigurationIsVisible = 0;
			defaultConfigurationName = Release;
		};
/* End XCConfigurationList section */

/* Begin XCRemoteSwiftPackageReference section */
		DB47590624BAD8FA00FD666B /* XCRemoteSwiftPackageReference "Alamofire" */ = {
			isa = XCRemoteSwiftPackageReference;
			repositoryURL = "https://github.com/Alamofire/Alamofire";
			requirement = {
				kind = upToNextMajorVersion;
				minimumVersion = 5.2.1;
			};
		};
/* End XCRemoteSwiftPackageReference section */

/* Begin XCSwiftPackageProductDependency section */
		DB47590724BAD8FA00FD666B /* Alamofire */ = {
			isa = XCSwiftPackageProductDependency;
			package = DB47590624BAD8FA00FD666B /* XCRemoteSwiftPackageReference "Alamofire" */;
			productName = Alamofire;
		};
/* End XCSwiftPackageProductDependency section */
	};
	rootObject = DB4758D024BAC86A00FD666B /* Project object */;
}
